// !$*UTF8*$!
{
	archiveVersion = 1;
	classes = {
	};
	objectVersion = 50;
	objects = {

/* Begin PBXBuildFile section */
		9AC609DC21305B5200D2D1AA /* AppDelegate.swift in Sources */ = {isa = PBXBuildFile; fileRef = 9AC609DB21305B5200D2D1AA /* AppDelegate.swift */; };
		9AC609DE21305B5200D2D1AA /* ViewController.swift in Sources */ = {isa = PBXBuildFile; fileRef = 9AC609DD21305B5200D2D1AA /* ViewController.swift */; };
		9AC609E121305B5200D2D1AA /* Main.storyboard in Resources */ = {isa = PBXBuildFile; fileRef = 9AC609DF21305B5200D2D1AA /* Main.storyboard */; };
		9AC609E321305B5300D2D1AA /* Assets.xcassets in Resources */ = {isa = PBXBuildFile; fileRef = 9AC609E221305B5300D2D1AA /* Assets.xcassets */; };
		9AC609E621305B5300D2D1AA /* LaunchScreen.storyboard in Resources */ = {isa = PBXBuildFile; fileRef = 9AC609E421305B5300D2D1AA /* LaunchScreen.storyboard */; };
/* End PBXBuildFile section */

/* Begin PBXFileReference section */
		9AC609D821305B5200D2D1AA /* GoldenGoals.app */ = {isa = PBXFileReference; explicitFileType = wrapper.application; includeInIndex = 0; path = GoldenGoals.app; sourceTree = BUILT_PRODUCTS_DIR; };
		9AC609DB21305B5200D2D1AA /* AppDelegate.swift */ = {isa = PBXFileReference; lastKnownFileType = sourcecode.swift; path = AppDelegate.swift; sourceTree = "<group>"; };
		9AC609DD21305B5200D2D1AA /* ViewController.swift */ = {isa = PBXFileReference; lastKnownFileType = sourcecode.swift; path = ViewController.swift; sourceTree = "<group>"; };
		9AC609E021305B5200D2D1AA /* Base */ = {isa = PBXFileReference; lastKnownFileType = file.storyboard; name = Base; path = Base.lproj/Main.storyboard; sourceTree = "<group>"; };
		9AC609E221305B5300D2D1AA /* Assets.xcassets */ = {isa = PBXFileReference; lastKnownFileType = folder.assetcatalog; path = Assets.xcassets; sourceTree = "<group>"; };
		9AC609E521305B5300D2D1AA /* Base */ = {isa = PBXFileReference; lastKnownFileType = file.storyboard; name = Base; path = Base.lproj/LaunchScreen.storyboard; sourceTree = "<group>"; };
		9AC609E721305B5300D2D1AA /* Info.plist */ = {isa = PBXFileReference; lastKnownFileType = text.plist.xml; path = Info.plist; sourceTree = "<group>"; };
/* End PBXFileReference section */

/* Begin PBXFrameworksBuildPhase section */
		9AC609D521305B5200D2D1AA /* Frameworks */ = {
			isa = PBXFrameworksBuildPhase;
			buildActionMask = 2147483647;
			files = (
			);
			runOnlyForDeploymentPostprocessing = 0;
		};
/* End PBXFrameworksBuildPhase section */

/* Begin PBXGroup section */
		9AC609CF21305B5200D2D1AA = {
			isa = PBXGroup;
			children = (
				9AC609DA21305B5200D2D1AA /* GoldenGoals */,
				9AC609D921305B5200D2D1AA /* Products */,
			);
			sourceTree = "<group>";
		};
		9AC609D921305B5200D2D1AA /* Products */ = {
			isa = PBXGroup;
			children = (
				9AC609D821305B5200D2D1AA /* GoldenGoals.app */,
			);
			name = Products;
			sourceTree = "<group>";
		};
		9AC609DA21305B5200D2D1AA /* GoldenGoals */ = {
			isa = PBXGroup;
			children = (
				9AC609DB21305B5200D2D1AA /* AppDelegate.swift */,
				9AC609DD21305B5200D2D1AA /* ViewController.swift */,
				9AC609DF21305B5200D2D1AA /* Main.storyboard */,
				9AC609E221305B5300D2D1AA /* Assets.xcassets */,
				9AC609E421305B5300D2D1AA /* LaunchScreen.storyboard */,
				9AC609E721305B5300D2D1AA /* Info.plist */,
			);
			path = GoldenGoals;
			sourceTree = "<group>";
		};
/* End PBXGroup section */

/* Begin PBXNativeTarget section */
		9AC609D721305B5200D2D1AA /* GoldenGoals */ = {
			isa = PBXNativeTarget;
			buildConfigurationList = 9AC609EA21305B5300D2D1AA /* Build configuration list for PBXNativeTarget "GoldenGoals" */;
			buildPhases = (
				9AC609D421305B5200D2D1AA /* Sources */,
				9AC609D521305B5200D2D1AA /* Frameworks */,
				9AC609D621305B5200D2D1AA /* Resources */,
			);
			buildRules = (
			);
			dependencies = (
			);
			name = GoldenGoals;
			productName = GoldenGoals;
			productReference = 9AC609D821305B5200D2D1AA /* GoldenGoals.app */;
			productType = "com.apple.product-type.application";
		};
/* End PBXNativeTarget section */

/* Begin PBXProject section */
		9AC609D021305B5200D2D1AA /* Project object */ = {
			isa = PBXProject;
			attributes = {
				LastSwiftUpdateCheck = 0940;
				LastUpgradeCheck = 0940;
				TargetAttributes = {
					9AC609D721305B5200D2D1AA = {
						CreatedOnToolsVersion = 9.4.1;
					};
				};
			};
			buildConfigurationList = 9AC609D321305B5200D2D1AA /* Build configuration list for PBXProject "GoldenGoals" */;
			compatibilityVersion = "Xcode 9.3";
			developmentRegion = en;
			hasScannedForEncodings = 0;
			knownRegions = (
				en,
				Base,
			);
			mainGroup = 9AC609CF21305B5200D2D1AA;
			productRefGroup = 9AC609D921305B5200D2D1AA /* Products */;
			projectDirPath = "";
			projectRoot = "";
			targets = (
				9AC609D721305B5200D2D1AA /* GoldenGoals */,
			);
		};
/* End PBXProject section */

/* Begin PBXResourcesBuildPhase section */
		9AC609D621305B5200D2D1AA /* Resources */ = {
			isa = PBXResourcesBuildPhase;
			buildActionMask = 2147483647;
			files = (
				9AC609E621305B5300D2D1AA /* LaunchScreen.storyboard in Resources */,
				9AC609E321305B5300D2D1AA /* Assets.xcassets in Resources */,
				9AC609E121305B5200D2D1AA /* Main.storyboard in Resources */,
			);
			runOnlyForDeploymentPostprocessing = 0;
		};
/* End PBXResourcesBuildPhase section */

/* Begin PBXSourcesBuildPhase section */
		9AC609D421305B5200D2D1AA /* Sources */ = {
			isa = PBXSourcesBuildPhase;
			buildActionMask = 2147483647;
			files = (
				9AC609DE21305B5200D2D1AA /* ViewController.swift in Sources */,
				9AC609DC21305B5200D2D1AA /* AppDelegate.swift in Sources */,
			);
			runOnlyForDeploymentPostprocessing = 0;
		};
/* End PBXSourcesBuildPhase section */

/* Begin PBXVariantGroup section */
		9AC609DF21305B5200D2D1AA /* Main.storyboard */ = {
			isa = PBXVariantGroup;
			children = (
				9AC609E021305B5200D2D1AA /* Base */,
			);
			name = Main.storyboard;
			sourceTree = "<group>";
		};
		9AC609E421305B5300D2D1AA /* LaunchScreen.storyboard */ = {
			isa = PBXVariantGroup;
			children = (
				9AC609E521305B5300D2D1AA /* Base */,
			);
			name = LaunchScreen.storyboard;
			sourceTree = "<group>";
		};
/* End PBXVariantGroup section */

/* Begin XCBuildConfiguration section */
		9AC609E821305B5300D2D1AA /* Debug */ = {
			isa = XCBuildConfiguration;
			buildSettings = {
				ALWAYS_SEARCH_USER_PATHS = NO;
				CLANG_ANALYZER_NONNULL = YES;
				CLANG_ANALYZER_NUMBER_OBJECT_CONVERSION = YES_AGGRESSIVE;
				CLANG_CXX_LANGUAGE_STANDARD = "gnu++14";
				CLANG_CXX_LIBRARY = "libc++";
				CLANG_ENABLE_MODULES = YES;
				CLANG_ENABLE_OBJC_ARC = YES;
				CLANG_ENABLE_OBJC_WEAK = YES;
				CLANG_WARN_BLOCK_CAPTURE_AUTORELEASING = YES;
				CLANG_WARN_BOOL_CONVERSION = YES;
				CLANG_WARN_COMMA = YES;
				CLANG_WARN_CONSTANT_CONVERSION = YES;
				CLANG_WARN_DEPRECATED_OBJC_IMPLEMENTATIONS = YES;
				CLANG_WARN_DIRECT_OBJC_ISA_USAGE = YES_ERROR;
				CLANG_WARN_DOCUMENTATION_COMMENTS = YES;
				CLANG_WARN_EMPTY_BODY = YES;
				CLANG_WARN_ENUM_CONVERSION = YES;
				CLANG_WARN_INFINITE_RECURSION = YES;
				CLANG_WARN_INT_CONVERSION = YES;
				CLANG_WARN_NON_LITERAL_NULL_CONVERSION = YES;
				CLANG_WARN_OBJC_IMPLICIT_RETAIN_SELF = YES;
				CLANG_WARN_OBJC_LITERAL_CONVERSION = YES;
				CLANG_WARN_OBJC_ROOT_CLASS = YES_ERROR;
				CLANG_WARN_RANGE_LOOP_ANALYSIS = YES;
				CLANG_WARN_STRICT_PROTOTYPES = YES;
				CLANG_WARN_SUSPICIOUS_MOVE = YES;
				CLANG_WARN_UNGUARDED_AVAILABILITY = YES_AGGRESSIVE;
				CLANG_WARN_UNREACHABLE_CODE = YES;
				CLANG_WARN__DUPLICATE_METHOD_MATCH = YES;
				CODE_SIGN_IDENTITY = "iPhone Developer";
				COPY_PHASE_STRIP = NO;
				DEBUG_INFORMATION_FORMAT = dwarf;
				ENABLE_STRICT_OBJC_MSGSEND = YES;
				ENABLE_TESTABILITY = YES;
				GCC_C_LANGUAGE_STANDARD = gnu11;
				GCC_DYNAMIC_NO_PIC = NO;
				GCC_NO_COMMON_BLOCKS = YES;
				GCC_OPTIMIZATION_LEVEL = 0;
				GCC_PREPROCESSOR_DEFINITIONS = (
					"DEBUG=1",
					"$(inherited)",
				);
				GCC_WARN_64_TO_32_BIT_CONVERSION = YES;
				GCC_WARN_ABOUT_RETURN_TYPE = YES_ERROR;
				GCC_WARN_UNDECLARED_SELECTOR = YES;
				GCC_WARN_UNINITIALIZED_AUTOS = YES_AGGRESSIVE;
				GCC_WARN_UNUSED_FUNCTION = YES;
				GCC_WARN_UNUSED_VARIABLE = YES;
				IPHONEOS_DEPLOYMENT_TARGET = 11.4;
				MTL_ENABLE_DEBUG_INFO = YES;
				ONLY_ACTIVE_ARCH = YES;
				SDKROOT = iphoneos;
				SWIFT_ACTIVE_COMPILATION_CONDITIONS = DEBUG;
				SWIFT_OPTIMIZATION_LEVEL = "-Onone";
			};
			name = Debug;
		};
		9AC609E921305B5300D2D1AA /* Release */ = {
			isa = XCBuildConfiguration;
			buildSettings = {
				ALWAYS_SEARCH_USER_PATHS = NO;
				CLANG_ANALYZER_NONNULL = YES;
				CLANG_ANALYZER_NUMBER_OBJECT_CONVERSION = YES_AGGRESSIVE;
				CLANG_CXX_LANGUAGE_STANDARD = "gnu++14";
				CLANG_CXX_LIBRARY = "libc++";
				CLANG_ENABLE_MODULES = YES;
				CLANG_ENABLE_OBJC_ARC = YES;
				CLANG_ENABLE_OBJC_WEAK = YES;
				CLANG_WARN_BLOCK_CAPTURE_AUTORELEASING = YES;
				CLANG_WARN_BOOL_CONVERSION = YES;
				CLANG_WARN_COMMA = YES;
				CLANG_WARN_CONSTANT_CONVERSION = YES;
				CLANG_WARN_DEPRECATED_OBJC_IMPLEMENTATIONS = YES;
				CLANG_WARN_DIRECT_OBJC_ISA_USAGE = YES_ERROR;
				CLANG_WARN_DOCUMENTATION_COMMENTS = YES;
				CLANG_WARN_EMPTY_BODY = YES;
				CLANG_WARN_ENUM_CONVERSION = YES;
				CLANG_WARN_INFINITE_RECURSION = YES;
				CLANG_WARN_INT_CONVERSION = YES;
				CLANG_WARN_NON_LITERAL_NULL_CONVERSION = YES;
				CLANG_WARN_OBJC_IMPLICIT_RETAIN_SELF = YES;
				CLANG_WARN_OBJC_LITERAL_CONVERSION = YES;
				CLANG_WARN_OBJC_ROOT_CLASS = YES_ERROR;
				CLANG_WARN_RANGE_LOOP_ANALYSIS = YES;
				CLANG_WARN_STRICT_PROTOTYPES = YES;
				CLANG_WARN_SUSPICIOUS_MOVE = YES;
				CLANG_WARN_UNGUARDED_AVAILABILITY = YES_AGGRESSIVE;
				CLANG_WARN_UNREACHABLE_CODE = YES;
				CLANG_WARN__DUPLICATE_METHOD_MATCH = YES;
				CODE_SIGN_IDENTITY = "iPhone Developer";
				COPY_PHASE_STRIP = NO;
				DEBUG_INFORMATION_FORMAT = "dwarf-with-dsym";
				ENABLE_NS_ASSERTIONS = NO;
				ENABLE_STRICT_OBJC_MSGSEND = YES;
				GCC_C_LANGUAGE_STANDARD = gnu11;
				GCC_NO_COMMON_BLOCKS = YES;
				GCC_WARN_64_TO_32_BIT_CONVERSION = YES;
				GCC_WARN_ABOUT_RETURN_TYPE = YES_ERROR;
				GCC_WARN_UNDECLARED_SELECTOR = YES;
				GCC_WARN_UNINITIALIZED_AUTOS = YES_AGGRESSIVE;
				GCC_WARN_UNUSED_FUNCTION = YES;
				GCC_WARN_UNUSED_VARIABLE = YES;
				IPHONEOS_DEPLOYMENT_TARGET = 11.4;
				MTL_ENABLE_DEBUG_INFO = NO;
				SDKROOT = iphoneos;
				SWIFT_COMPILATION_MODE = wholemodule;
				SWIFT_OPTIMIZATION_LEVEL = "-O";
				VALIDATE_PRODUCT = YES;
			};
			name = Release;
		};
		9AC609EB21305B5300D2D1AA /* Debug */ = {
			isa = XCBuildConfiguration;
			buildSettings = {
				ASSETCATALOG_COMPILER_APPICON_NAME = AppIcon;
				CODE_SIGN_STYLE = Manual;
				DEVELOPMENT_TEAM = 83J5748TKW;
				INFOPLIST_FILE = GoldenGoals/Info.plist;
				IPHONEOS_DEPLOYMENT_TARGET = 10.0;
				LD_RUNPATH_SEARCH_PATHS = (
					"$(inherited)",
					"@executable_path/Frameworks",
				);
				PRODUCT_BUNDLE_IDENTIFIER = mm.co.goldengoals;
				PRODUCT_NAME = "$(TARGET_NAME)";
				PROVISIONING_PROFILE = "317b9af0-6e18-4982-a487-5882a6e36b21";
				PROVISIONING_PROFILE_SPECIFIER = "Golden Goals Development";
				SWIFT_VERSION = 4.0;
				TARGETED_DEVICE_FAMILY = 1;
			};
			name = Debug;
		};
		9AC609EC21305B5300D2D1AA /* Release */ = {
			isa = XCBuildConfiguration;
			buildSettings = {
				ASSETCATALOG_COMPILER_APPICON_NAME = AppIcon;
				CODE_SIGN_STYLE = Manual;
				DEVELOPMENT_TEAM = 83J5748TKW;
				INFOPLIST_FILE = GoldenGoals/Info.plist;
				IPHONEOS_DEPLOYMENT_TARGET = 10.0;
				LD_RUNPATH_SEARCH_PATHS = (
					"$(inherited)",
					"@executable_path/Frameworks",
				);
				PRODUCT_BUNDLE_IDENTIFIER = mm.co.goldengoals;
				PRODUCT_NAME = "$(TARGET_NAME)";
				PROVISIONING_PROFILE = "317b9af0-6e18-4982-a487-5882a6e36b21";
				PROVISIONING_PROFILE_SPECIFIER = "Golden Goals Development";
				SWIFT_VERSION = 4.0;
				TARGETED_DEVICE_FAMILY = 1;
			};
			name = Release;
		};
/* End XCBuildConfiguration section */

/* Begin XCConfigurationList section */
		9AC609D321305B5200D2D1AA /* Build configuration list for PBXProject "GoldenGoals" */ = {
			isa = XCConfigurationList;
			buildConfigurations = (
				9AC609E821305B5300D2D1AA /* Debug */,
				9AC609E921305B5300D2D1AA /* Release */,
			);
			defaultConfigurationIsVisible = 0;
			defaultConfigurationName = Release;
		};
		9AC609EA21305B5300D2D1AA /* Build configuration list for PBXNativeTarget "GoldenGoals" */ = {
			isa = XCConfigurationList;
			buildConfigurations = (
				9AC609EB21305B5300D2D1AA /* Debug */,
				9AC609EC21305B5300D2D1AA /* Release */,
			);
			defaultConfigurationIsVisible = 0;
			defaultConfigurationName = Release;
		};
/* End XCConfigurationList section */
	};
	rootObject = 9AC609D021305B5200D2D1AA /* Project object */;
}
